// !$*UTF8*$!
{
	archiveVersion = 1;
	classes = {
	};
	objectVersion = 50;
	objects = {

/* Begin PBXBuildFile section */
		BDBD5C3925A9ED4800AF0467 /* AppDelegate.swift in Sources */ = {isa = PBXBuildFile; fileRef = BDBD5C3825A9ED4800AF0467 /* AppDelegate.swift */; };
		BDBD5C3B25A9ED4800AF0467 /* SceneDelegate.swift in Sources */ = {isa = PBXBuildFile; fileRef = BDBD5C3A25A9ED4800AF0467 /* SceneDelegate.swift */; };
		BDBD5C3D25A9ED4800AF0467 /* ViewController.swift in Sources */ = {isa = PBXBuildFile; fileRef = BDBD5C3C25A9ED4800AF0467 /* ViewController.swift */; };
		BDBD5C4025A9ED4800AF0467 /* Main.storyboard in Resources */ = {isa = PBXBuildFile; fileRef = BDBD5C3E25A9ED4800AF0467 /* Main.storyboard */; };
		BDBD5C4225A9ED4D00AF0467 /* Assets.xcassets in Resources */ = {isa = PBXBuildFile; fileRef = BDBD5C4125A9ED4D00AF0467 /* Assets.xcassets */; };
		BDBD5C4525A9ED4D00AF0467 /* LaunchScreen.storyboard in Resources */ = {isa = PBXBuildFile; fileRef = BDBD5C4325A9ED4D00AF0467 /* LaunchScreen.storyboard */; };
/* End PBXBuildFile section */

/* Begin PBXFileReference section */
		BDBD5C3525A9ED4800AF0467 /* PersonalORK.app */ = {isa = PBXFileReference; explicitFileType = wrapper.application; includeInIndex = 0; path = PersonalORK.app; sourceTree = BUILT_PRODUCTS_DIR; };
		BDBD5C3825A9ED4800AF0467 /* AppDelegate.swift */ = {isa = PBXFileReference; lastKnownFileType = sourcecode.swift; path = AppDelegate.swift; sourceTree = "<group>"; };
		BDBD5C3A25A9ED4800AF0467 /* SceneDelegate.swift */ = {isa = PBXFileReference; lastKnownFileType = sourcecode.swift; path = SceneDelegate.swift; sourceTree = "<group>"; };
		BDBD5C3C25A9ED4800AF0467 /* ViewController.swift */ = {isa = PBXFileReference; lastKnownFileType = sourcecode.swift; path = ViewController.swift; sourceTree = "<group>"; };
		BDBD5C3F25A9ED4800AF0467 /* Base */ = {isa = PBXFileReference; lastKnownFileType = file.storyboard; name = Base; path = Base.lproj/Main.storyboard; sourceTree = "<group>"; };
		BDBD5C4125A9ED4D00AF0467 /* Assets.xcassets */ = {isa = PBXFileReference; lastKnownFileType = folder.assetcatalog; path = Assets.xcassets; sourceTree = "<group>"; };
		BDBD5C4425A9ED4D00AF0467 /* Base */ = {isa = PBXFileReference; lastKnownFileType = file.storyboard; name = Base; path = Base.lproj/LaunchScreen.storyboard; sourceTree = "<group>"; };
		BDBD5C4625A9ED4D00AF0467 /* Info.plist */ = {isa = PBXFileReference; lastKnownFileType = text.plist.xml; path = Info.plist; sourceTree = "<group>"; };
/* End PBXFileReference section */

/* Begin PBXFrameworksBuildPhase section */
		BDBD5C3225A9ED4800AF0467 /* Frameworks */ = {
			isa = PBXFrameworksBuildPhase;
			buildActionMask = 2147483647;
			files = (
			);
			runOnlyForDeploymentPostprocessing = 0;
		};
/* End PBXFrameworksBuildPhase section */

/* Begin PBXGroup section */
		BDBD5C2C25A9ED4800AF0467 = {
			isa = PBXGroup;
			children = (
				BDBD5C3725A9ED4800AF0467 /* PersonalORK */,
				BDBD5C3625A9ED4800AF0467 /* Products */,
			);
			sourceTree = "<group>";
		};
		BDBD5C3625A9ED4800AF0467 /* Products */ = {
			isa = PBXGroup;
			children = (
				BDBD5C3525A9ED4800AF0467 /* PersonalORK.app */,
			);
			name = Products;
			sourceTree = "<group>";
		};
		BDBD5C3725A9ED4800AF0467 /* PersonalORK */ = {
			isa = PBXGroup;
			children = (
				BDBD5C3825A9ED4800AF0467 /* AppDelegate.swift */,
				BDBD5C3A25A9ED4800AF0467 /* SceneDelegate.swift */,
				BDBD5C3C25A9ED4800AF0467 /* ViewController.swift */,
				BDBD5C3E25A9ED4800AF0467 /* Main.storyboard */,
				BDBD5C4125A9ED4D00AF0467 /* Assets.xcassets */,
				BDBD5C4325A9ED4D00AF0467 /* LaunchScreen.storyboard */,
				BDBD5C4625A9ED4D00AF0467 /* Info.plist */,
			);
			path = PersonalORK;
			sourceTree = "<group>";
		};
/* End PBXGroup section */

/* Begin PBXNativeTarget section */
		BDBD5C3425A9ED4800AF0467 /* PersonalORK */ = {
			isa = PBXNativeTarget;
			buildConfigurationList = BDBD5C4925A9ED4D00AF0467 /* Build configuration list for PBXNativeTarget "PersonalORK" */;
			buildPhases = (
				BDBD5C3125A9ED4800AF0467 /* Sources */,
				BDBD5C3225A9ED4800AF0467 /* Frameworks */,
				BDBD5C3325A9ED4800AF0467 /* Resources */,
			);
			buildRules = (
			);
			dependencies = (
			);
			name = PersonalORK;
			productName = PersonalORK;
			productReference = BDBD5C3525A9ED4800AF0467 /* PersonalORK.app */;
			productType = "com.apple.product-type.application";
		};
/* End PBXNativeTarget section */

/* Begin PBXProject section */
		BDBD5C2D25A9ED4800AF0467 /* Project object */ = {
			isa = PBXProject;
			attributes = {
				LastSwiftUpdateCheck = 1220;
				LastUpgradeCheck = 1220;
				TargetAttributes = {
					BDBD5C3425A9ED4800AF0467 = {
						CreatedOnToolsVersion = 12.2;
					};
				};
			};
			buildConfigurationList = BDBD5C3025A9ED4800AF0467 /* Build configuration list for PBXProject "PersonalORK" */;
			compatibilityVersion = "Xcode 9.3";
			developmentRegion = en;
			hasScannedForEncodings = 0;
			knownRegions = (
				en,
				Base,
			);
			mainGroup = BDBD5C2C25A9ED4800AF0467;
			productRefGroup = BDBD5C3625A9ED4800AF0467 /* Products */;
			projectDirPath = "";
			projectRoot = "";
			targets = (
				BDBD5C3425A9ED4800AF0467 /* PersonalORK */,
			);
		};
/* End PBXProject section */

/* Begin PBXResourcesBuildPhase section */
		BDBD5C3325A9ED4800AF0467 /* Resources */ = {
			isa = PBXResourcesBuildPhase;
			buildActionMask = 2147483647;
			files = (
				BDBD5C4525A9ED4D00AF0467 /* LaunchScreen.storyboard in Resources */,
				BDBD5C4225A9ED4D00AF0467 /* Assets.xcassets in Resources */,
				BDBD5C4025A9ED4800AF0467 /* Main.storyboard in Resources */,
			);
			runOnlyForDeploymentPostprocessing = 0;
		};
/* End PBXResourcesBuildPhase section */

/* Begin PBXSourcesBuildPhase section */
		BDBD5C3125A9ED4800AF0467 /* Sources */ = {
			isa = PBXSourcesBuildPhase;
			buildActionMask = 2147483647;
			files = (
				BDBD5C3D25A9ED4800AF0467 /* ViewController.swift in Sources */,
				BDBD5C3925A9ED4800AF0467 /* AppDelegate.swift in Sources */,
				BDBD5C3B25A9ED4800AF0467 /* SceneDelegate.swift in Sources */,
			);
			runOnlyForDeploymentPostprocessing = 0;
		};
/* End PBXSourcesBuildPhase section */

/* Begin PBXVariantGroup section */
		BDBD5C3E25A9ED4800AF0467 /* Main.storyboard */ = {
			isa = PBXVariantGroup;
			children = (
				BDBD5C3F25A9ED4800AF0467 /* Base */,
			);
			name = Main.storyboard;
			sourceTree = "<group>";
		};
		BDBD5C4325A9ED4D00AF0467 /* LaunchScreen.storyboard */ = {
			isa = PBXVariantGroup;
			children = (
				BDBD5C4425A9ED4D00AF0467 /* Base */,
			);
			name = LaunchScreen.storyboard;
			sourceTree = "<group>";
		};
/* End PBXVariantGroup section */

/* Begin XCBuildConfiguration section */
		BDBD5C4725A9ED4D00AF0467 /* Debug */ = {
			isa = XCBuildConfiguration;
			buildSettings = {
				ALWAYS_SEARCH_USER_PATHS = NO;
				CLANG_ANALYZER_NONNULL = YES;
				CLANG_ANALYZER_NUMBER_OBJECT_CONVERSION = YES_AGGRESSIVE;
				CLANG_CXX_LANGUAGE_STANDARD = "gnu++14";
				CLANG_CXX_LIBRARY = "libc++";
				CLANG_ENABLE_MODULES = YES;
				CLANG_ENABLE_OBJC_ARC = YES;
				CLANG_ENABLE_OBJC_WEAK = YES;
				CLANG_WARN_BLOCK_CAPTURE_AUTORELEASING = YES;
				CLANG_WARN_BOOL_CONVERSION = YES;
				CLANG_WARN_COMMA = YES;
				CLANG_WARN_CONSTANT_CONVERSION = YES;
				CLANG_WARN_DEPRECATED_OBJC_IMPLEMENTATIONS = YES;
				CLANG_WARN_DIRECT_OBJC_ISA_USAGE = YES_ERROR;
				CLANG_WARN_DOCUMENTATION_COMMENTS = YES;
				CLANG_WARN_EMPTY_BODY = YES;
				CLANG_WARN_ENUM_CONVERSION = YES;
				CLANG_WARN_INFINITE_RECURSION = YES;
				CLANG_WARN_INT_CONVERSION = YES;
				CLANG_WARN_NON_LITERAL_NULL_CONVERSION = YES;
				CLANG_WARN_OBJC_IMPLICIT_RETAIN_SELF = YES;
				CLANG_WARN_OBJC_LITERAL_CONVERSION = YES;
				CLANG_WARN_OBJC_ROOT_CLASS = YES_ERROR;
				CLANG_WARN_QUOTED_INCLUDE_IN_FRAMEWORK_HEADER = YES;
				CLANG_WARN_RANGE_LOOP_ANALYSIS = YES;
				CLANG_WARN_STRICT_PROTOTYPES = YES;
				CLANG_WARN_SUSPICIOUS_MOVE = YES;
				CLANG_WARN_UNGUARDED_AVAILABILITY = YES_AGGRESSIVE;
				CLANG_WARN_UNREACHABLE_CODE = YES;
				CLANG_WARN__DUPLICATE_METHOD_MATCH = YES;
				COPY_PHASE_STRIP = NO;
				DEBUG_INFORMATION_FORMAT = dwarf;
				ENABLE_STRICT_OBJC_MSGSEND = YES;
				ENABLE_TESTABILITY = YES;
				GCC_C_LANGUAGE_STANDARD = gnu11;
				GCC_DYNAMIC_NO_PIC = NO;
				GCC_NO_COMMON_BLOCKS = YES;
				GCC_OPTIMIZATION_LEVEL = 0;
				GCC_PREPROCESSOR_DEFINITIONS = (
					"DEBUG=1",
					"$(inherited)",
				);
				GCC_WARN_64_TO_32_BIT_CONVERSION = YES;
				GCC_WARN_ABOUT_RETURN_TYPE = YES_ERROR;
				GCC_WARN_UNDECLARED_SELECTOR = YES;
				GCC_WARN_UNINITIALIZED_AUTOS = YES_AGGRESSIVE;
				GCC_WARN_UNUSED_FUNCTION = YES;
				GCC_WARN_UNUSED_VARIABLE = YES;
				IPHONEOS_DEPLOYMENT_TARGET = 14.2;
				MTL_ENABLE_DEBUG_INFO = INCLUDE_SOURCE;
				MTL_FAST_MATH = YES;
				ONLY_ACTIVE_ARCH = YES;
				SDKROOT = iphoneos;
				SWIFT_ACTIVE_COMPILATION_CONDITIONS = DEBUG;
				SWIFT_OPTIMIZATION_LEVEL = "-Onone";
			};
			name = Debug;
		};
		BDBD5C4825A9ED4D00AF0467 /* Release */ = {
			isa = XCBuildConfiguration;
			buildSettings = {
				ALWAYS_SEARCH_USER_PATHS = NO;
				CLANG_ANALYZER_NONNULL = YES;
				CLANG_ANALYZER_NUMBER_OBJECT_CONVERSION = YES_AGGRESSIVE;
				CLANG_CXX_LANGUAGE_STANDARD = "gnu++14";
				CLANG_CXX_LIBRARY = "libc++";
				CLANG_ENABLE_MODULES = YES;
				CLANG_ENABLE_OBJC_ARC = YES;
				CLANG_ENABLE_OBJC_WEAK = YES;
				CLANG_WARN_BLOCK_CAPTURE_AUTORELEASING = YES;
				CLANG_WARN_BOOL_CONVERSION = YES;
				CLANG_WARN_COMMA = YES;
				CLANG_WARN_CONSTANT_CONVERSION = YES;
				CLANG_WARN_DEPRECATED_OBJC_IMPLEMENTATIONS = YES;
				CLANG_WARN_DIRECT_OBJC_ISA_USAGE = YES_ERROR;
				CLANG_WARN_DOCUMENTATION_COMMENTS = YES;
				CLANG_WARN_EMPTY_BODY = YES;
				CLANG_WARN_ENUM_CONVERSION = YES;
				CLANG_WARN_INFINITE_RECURSION = YES;
				CLANG_WARN_INT_CONVERSION = YES;
				CLANG_WARN_NON_LITERAL_NULL_CONVERSION = YES;
				CLANG_WARN_OBJC_IMPLICIT_RETAIN_SELF = YES;
				CLANG_WARN_OBJC_LITERAL_CONVERSION = YES;
				CLANG_WARN_OBJC_ROOT_CLASS = YES_ERROR;
				CLANG_WARN_QUOTED_INCLUDE_IN_FRAMEWORK_HEADER = YES;
				CLANG_WARN_RANGE_LOOP_ANALYSIS = YES;
				CLANG_WARN_STRICT_PROTOTYPES = YES;
				CLANG_WARN_SUSPICIOUS_MOVE = YES;
				CLANG_WARN_UNGUARDED_AVAILABILITY = YES_AGGRESSIVE;
				CLANG_WARN_UNREACHABLE_CODE = YES;
				CLANG_WARN__DUPLICATE_METHOD_MATCH = YES;
				COPY_PHASE_STRIP = NO;
				DEBUG_INFORMATION_FORMAT = "dwarf-with-dsym";
				ENABLE_NS_ASSERTIONS = NO;
				ENABLE_STRICT_OBJC_MSGSEND = YES;
				GCC_C_LANGUAGE_STANDARD = gnu11;
				GCC_NO_COMMON_BLOCKS = YES;
				GCC_WARN_64_TO_32_BIT_CONVERSION = YES;
				GCC_WARN_ABOUT_RETURN_TYPE = YES_ERROR;
				GCC_WARN_UNDECLARED_SELECTOR = YES;
				GCC_WARN_UNINITIALIZED_AUTOS = YES_AGGRESSIVE;
				GCC_WARN_UNUSED_FUNCTION = YES;
				GCC_WARN_UNUSED_VARIABLE = YES;
				IPHONEOS_DEPLOYMENT_TARGET = 14.2;
				MTL_ENABLE_DEBUG_INFO = NO;
				MTL_FAST_MATH = YES;
				SDKROOT = iphoneos;
				SWIFT_COMPILATION_MODE = wholemodule;
				SWIFT_OPTIMIZATION_LEVEL = "-O";
				VALIDATE_PRODUCT = YES;
			};
			name = Release;
		};
		BDBD5C4A25A9ED4D00AF0467 /* Debug */ = {
			isa = XCBuildConfiguration;
			buildSettings = {
				ASSETCATALOG_COMPILER_APPICON_NAME = AppIcon;
				ASSETCATALOG_COMPILER_GLOBAL_ACCENT_COLOR_NAME = AccentColor;
				CODE_SIGN_STYLE = Automatic;
				INFOPLIST_FILE = PersonalORK/Info.plist;
				LD_RUNPATH_SEARCH_PATHS = (
					"$(inherited)",
					"@executable_path/Frameworks",
				);
				PRODUCT_BUNDLE_IDENTIFIER = com.bububa.PersonalORK;
				PRODUCT_NAME = "$(TARGET_NAME)";
				SWIFT_VERSION = 5.0;
				TARGETED_DEVICE_FAMILY = "1,2";
			};
			name = Debug;
		};
		BDBD5C4B25A9ED4D00AF0467 /* Release */ = {
			isa = XCBuildConfiguration;
			buildSettings = {
				ASSETCATALOG_COMPILER_APPICON_NAME = AppIcon;
				ASSETCATALOG_COMPILER_GLOBAL_ACCENT_COLOR_NAME = AccentColor;
				CODE_SIGN_STYLE = Automatic;
				INFOPLIST_FILE = PersonalORK/Info.plist;
				LD_RUNPATH_SEARCH_PATHS = (
					"$(inherited)",
					"@executable_path/Frameworks",
				);
				PRODUCT_BUNDLE_IDENTIFIER = com.bububa.PersonalORK;
				PRODUCT_NAME = "$(TARGET_NAME)";
				SWIFT_VERSION = 5.0;
				TARGETED_DEVICE_FAMILY = "1,2";
			};
			name = Release;
		};
/* End XCBuildConfiguration section */

/* Begin XCConfigurationList section */
		BDBD5C3025A9ED4800AF0467 /* Build configuration list for PBXProject "PersonalORK" */ = {
			isa = XCConfigurationList;
			buildConfigurations = (
				BDBD5C4725A9ED4D00AF0467 /* Debug */,
				BDBD5C4825A9ED4D00AF0467 /* Release */,
			);
			defaultConfigurationIsVisible = 0;
			defaultConfigurationName = Release;
		};
		BDBD5C4925A9ED4D00AF0467 /* Build configuration list for PBXNativeTarget "PersonalORK" */ = {
			isa = XCConfigurationList;
			buildConfigurations = (
				BDBD5C4A25A9ED4D00AF0467 /* Debug */,
				BDBD5C4B25A9ED4D00AF0467 /* Release */,
			);
			defaultConfigurationIsVisible = 0;
			defaultConfigurationName = Release;
		};
/* End XCConfigurationList section */
	};
	rootObject = BDBD5C2D25A9ED4800AF0467 /* Project object */;
}
